
Microsoft Visual Studio Solution File, Format Version 12.00
# Visual Studio Version 17
VisualStudioVersion = 17.9.34607.119
MinimumVisualStudioVersion = 10.0.40219.1
Project("{FAE04EC0-301F-11D3-BF4B-00C04F79EFBC}") = "identity-provider.api", "identity-provider.api\identity-provider.api.csproj", "{3AB13B9F-10F2-4B39-B23F-A9F0EFFED445}"
EndProject
Global
	GlobalSection(SolutionConfigurationPlatforms) = preSolution
		Debug|Any CPU = Debug|Any CPU
		Release|Any CPU = Release|Any CPU
	EndGlobalSection
	GlobalSection(ProjectConfigurationPlatforms) = postSolution
		{3AB13B9F-10F2-4B39-B23F-A9F0EFFED445}.Debug|Any CPU.ActiveCfg = Debug|Any CPU
		{3AB13B9F-10F2-4B39-B23F-A9F0EFFED445}.Debug|Any CPU.Build.0 = Debug|Any CPU
		{3AB13B9F-10F2-4B39-B23F-A9F0EFFED445}.Release|Any CPU.ActiveCfg = Release|Any CPU
		{3AB13B9F-10F2-4B39-B23F-A9F0EFFED445}.Release|Any CPU.Build.0 = Release|Any CPU
	EndGlobalSection
	GlobalSection(SolutionProperties) = preSolution
		HideSolutionNode = FALSE
	EndGlobalSection
	GlobalSection(ExtensibilityGlobals) = postSolution
		SolutionGuid = {FE5D65C4-E323-4E71-985D-2CBF7519EFCA}
	EndGlobalSection
EndGlobal
